// !$*UTF8*$!
{
	archiveVersion = 1;
	classes = {
	};
	objectVersion = 50;
	objects = {

/* Begin PBXBuildFile section */
		6D679FA921E7AFF7000FF6A9 /* AppDelegate.swift in Sources */ = {isa = PBXBuildFile; fileRef = 6D679FA821E7AFF7000FF6A9 /* AppDelegate.swift */; };
		6D679FAB21E7AFF7000FF6A9 /* ViewController.swift in Sources */ = {isa = PBXBuildFile; fileRef = 6D679FAA21E7AFF7000FF6A9 /* ViewController.swift */; };
		6D679FAE21E7AFF7000FF6A9 /* Main.storyboard in Resources */ = {isa = PBXBuildFile; fileRef = 6D679FAC21E7AFF7000FF6A9 /* Main.storyboard */; };
		6D679FB021E7AFFA000FF6A9 /* Assets.xcassets in Resources */ = {isa = PBXBuildFile; fileRef = 6D679FAF21E7AFFA000FF6A9 /* Assets.xcassets */; };
		6D679FB321E7AFFA000FF6A9 /* LaunchScreen.storyboard in Resources */ = {isa = PBXBuildFile; fileRef = 6D679FB121E7AFFA000FF6A9 /* LaunchScreen.storyboard */; };
		6D679FBE21E7AFFA000FF6A9 /* ConversorTests.swift in Sources */ = {isa = PBXBuildFile; fileRef = 6D679FBD21E7AFFA000FF6A9 /* ConversorTests.swift */; };
		6D679FC921E7AFFA000FF6A9 /* ConversorUITests.swift in Sources */ = {isa = PBXBuildFile; fileRef = 6D679FC821E7AFFA000FF6A9 /* ConversorUITests.swift */; };
/* End PBXBuildFile section */

/* Begin PBXContainerItemProxy section */
		6D679FBA21E7AFFA000FF6A9 /* PBXContainerItemProxy */ = {
			isa = PBXContainerItemProxy;
			containerPortal = 6D679F9D21E7AFF7000FF6A9 /* Project object */;
			proxyType = 1;
			remoteGlobalIDString = 6D679FA421E7AFF7000FF6A9;
			remoteInfo = Conversor;
		};
		6D679FC521E7AFFA000FF6A9 /* PBXContainerItemProxy */ = {
			isa = PBXContainerItemProxy;
			containerPortal = 6D679F9D21E7AFF7000FF6A9 /* Project object */;
			proxyType = 1;
			remoteGlobalIDString = 6D679FA421E7AFF7000FF6A9;
			remoteInfo = Conversor;
		};
/* End PBXContainerItemProxy section */

/* Begin PBXFileReference section */
		6D679FA521E7AFF7000FF6A9 /* Conversor.app */ = {isa = PBXFileReference; explicitFileType = wrapper.application; includeInIndex = 0; path = Conversor.app; sourceTree = BUILT_PRODUCTS_DIR; };
		6D679FA821E7AFF7000FF6A9 /* AppDelegate.swift */ = {isa = PBXFileReference; lastKnownFileType = sourcecode.swift; path = AppDelegate.swift; sourceTree = "<group>"; };
		6D679FAA21E7AFF7000FF6A9 /* ViewController.swift */ = {isa = PBXFileReference; lastKnownFileType = sourcecode.swift; path = ViewController.swift; sourceTree = "<group>"; };
		6D679FAD21E7AFF7000FF6A9 /* Base */ = {isa = PBXFileReference; lastKnownFileType = file.storyboard; name = Base; path = Base.lproj/Main.storyboard; sourceTree = "<group>"; };
		6D679FAF21E7AFFA000FF6A9 /* Assets.xcassets */ = {isa = PBXFileReference; lastKnownFileType = folder.assetcatalog; path = Assets.xcassets; sourceTree = "<group>"; };
		6D679FB221E7AFFA000FF6A9 /* Base */ = {isa = PBXFileReference; lastKnownFileType = file.storyboard; name = Base; path = Base.lproj/LaunchScreen.storyboard; sourceTree = "<group>"; };
		6D679FB421E7AFFA000FF6A9 /* Info.plist */ = {isa = PBXFileReference; lastKnownFileType = text.plist.xml; path = Info.plist; sourceTree = "<group>"; };
		6D679FB921E7AFFA000FF6A9 /* ConversorTests.xctest */ = {isa = PBXFileReference; explicitFileType = wrapper.cfbundle; includeInIndex = 0; path = ConversorTests.xctest; sourceTree = BUILT_PRODUCTS_DIR; };
		6D679FBD21E7AFFA000FF6A9 /* ConversorTests.swift */ = {isa = PBXFileReference; lastKnownFileType = sourcecode.swift; path = ConversorTests.swift; sourceTree = "<group>"; };
		6D679FBF21E7AFFA000FF6A9 /* Info.plist */ = {isa = PBXFileReference; lastKnownFileType = text.plist.xml; path = Info.plist; sourceTree = "<group>"; };
		6D679FC421E7AFFA000FF6A9 /* ConversorUITests.xctest */ = {isa = PBXFileReference; explicitFileType = wrapper.cfbundle; includeInIndex = 0; path = ConversorUITests.xctest; sourceTree = BUILT_PRODUCTS_DIR; };
		6D679FC821E7AFFA000FF6A9 /* ConversorUITests.swift */ = {isa = PBXFileReference; lastKnownFileType = sourcecode.swift; path = ConversorUITests.swift; sourceTree = "<group>"; };
		6D679FCA21E7AFFA000FF6A9 /* Info.plist */ = {isa = PBXFileReference; lastKnownFileType = text.plist.xml; path = Info.plist; sourceTree = "<group>"; };
/* End PBXFileReference section */

/* Begin PBXFrameworksBuildPhase section */
		6D679FA221E7AFF7000FF6A9 /* Frameworks */ = {
			isa = PBXFrameworksBuildPhase;
			buildActionMask = 2147483647;
			files = (
			);
			runOnlyForDeploymentPostprocessing = 0;
		};
		6D679FB621E7AFFA000FF6A9 /* Frameworks */ = {
			isa = PBXFrameworksBuildPhase;
			buildActionMask = 2147483647;
			files = (
			);
			runOnlyForDeploymentPostprocessing = 0;
		};
		6D679FC121E7AFFA000FF6A9 /* Frameworks */ = {
			isa = PBXFrameworksBuildPhase;
			buildActionMask = 2147483647;
			files = (
			);
			runOnlyForDeploymentPostprocessing = 0;
		};
/* End PBXFrameworksBuildPhase section */

/* Begin PBXGroup section */
		6D679F9C21E7AFF7000FF6A9 = {
			isa = PBXGroup;
			children = (
				6D679FA721E7AFF7000FF6A9 /* Conversor */,
				6D679FBC21E7AFFA000FF6A9 /* ConversorTests */,
				6D679FC721E7AFFA000FF6A9 /* ConversorUITests */,
				6D679FA621E7AFF7000FF6A9 /* Products */,
			);
			sourceTree = "<group>";
		};
		6D679FA621E7AFF7000FF6A9 /* Products */ = {
			isa = PBXGroup;
			children = (
				6D679FA521E7AFF7000FF6A9 /* Conversor.app */,
				6D679FB921E7AFFA000FF6A9 /* ConversorTests.xctest */,
				6D679FC421E7AFFA000FF6A9 /* ConversorUITests.xctest */,
			);
			name = Products;
			sourceTree = "<group>";
		};
		6D679FA721E7AFF7000FF6A9 /* Conversor */ = {
			isa = PBXGroup;
			children = (
				6D679FA821E7AFF7000FF6A9 /* AppDelegate.swift */,
				6D679FAA21E7AFF7000FF6A9 /* ViewController.swift */,
				6D679FAC21E7AFF7000FF6A9 /* Main.storyboard */,
				6D679FAF21E7AFFA000FF6A9 /* Assets.xcassets */,
				6D679FB121E7AFFA000FF6A9 /* LaunchScreen.storyboard */,
				6D679FB421E7AFFA000FF6A9 /* Info.plist */,
			);
			path = Conversor;
			sourceTree = "<group>";
		};
		6D679FBC21E7AFFA000FF6A9 /* ConversorTests */ = {
			isa = PBXGroup;
			children = (
				6D679FBD21E7AFFA000FF6A9 /* ConversorTests.swift */,
				6D679FBF21E7AFFA000FF6A9 /* Info.plist */,
			);
			path = ConversorTests;
			sourceTree = "<group>";
		};
		6D679FC721E7AFFA000FF6A9 /* ConversorUITests */ = {
			isa = PBXGroup;
			children = (
				6D679FC821E7AFFA000FF6A9 /* ConversorUITests.swift */,
				6D679FCA21E7AFFA000FF6A9 /* Info.plist */,
			);
			path = ConversorUITests;
			sourceTree = "<group>";
		};
/* End PBXGroup section */

/* Begin PBXNativeTarget section */
		6D679FA421E7AFF7000FF6A9 /* Conversor */ = {
			isa = PBXNativeTarget;
			buildConfigurationList = 6D679FCD21E7AFFA000FF6A9 /* Build configuration list for PBXNativeTarget "Conversor" */;
			buildPhases = (
				6D679FA121E7AFF7000FF6A9 /* Sources */,
				6D679FA221E7AFF7000FF6A9 /* Frameworks */,
				6D679FA321E7AFF7000FF6A9 /* Resources */,
			);
			buildRules = (
			);
			dependencies = (
			);
			name = Conversor;
			productName = Conversor;
			productReference = 6D679FA521E7AFF7000FF6A9 /* Conversor.app */;
			productType = "com.apple.product-type.application";
		};
		6D679FB821E7AFFA000FF6A9 /* ConversorTests */ = {
			isa = PBXNativeTarget;
			buildConfigurationList = 6D679FD021E7AFFA000FF6A9 /* Build configuration list for PBXNativeTarget "ConversorTests" */;
			buildPhases = (
				6D679FB521E7AFFA000FF6A9 /* Sources */,
				6D679FB621E7AFFA000FF6A9 /* Frameworks */,
				6D679FB721E7AFFA000FF6A9 /* Resources */,
			);
			buildRules = (
			);
			dependencies = (
				6D679FBB21E7AFFA000FF6A9 /* PBXTargetDependency */,
			);
			name = ConversorTests;
			productName = ConversorTests;
			productReference = 6D679FB921E7AFFA000FF6A9 /* ConversorTests.xctest */;
			productType = "com.apple.product-type.bundle.unit-test";
		};
		6D679FC321E7AFFA000FF6A9 /* ConversorUITests */ = {
			isa = PBXNativeTarget;
			buildConfigurationList = 6D679FD321E7AFFA000FF6A9 /* Build configuration list for PBXNativeTarget "ConversorUITests" */;
			buildPhases = (
				6D679FC021E7AFFA000FF6A9 /* Sources */,
				6D679FC121E7AFFA000FF6A9 /* Frameworks */,
				6D679FC221E7AFFA000FF6A9 /* Resources */,
			);
			buildRules = (
			);
			dependencies = (
				6D679FC621E7AFFA000FF6A9 /* PBXTargetDependency */,
			);
			name = ConversorUITests;
			productName = ConversorUITests;
			productReference = 6D679FC421E7AFFA000FF6A9 /* ConversorUITests.xctest */;
			productType = "com.apple.product-type.bundle.ui-testing";
		};
/* End PBXNativeTarget section */

/* Begin PBXProject section */
		6D679F9D21E7AFF7000FF6A9 /* Project object */ = {
			isa = PBXProject;
			attributes = {
				LastSwiftUpdateCheck = 1010;
				LastUpgradeCheck = 1010;
				ORGANIZATIONNAME = "Pablo Rosalvo";
				TargetAttributes = {
					6D679FA421E7AFF7000FF6A9 = {
						CreatedOnToolsVersion = 10.1;
					};
					6D679FB821E7AFFA000FF6A9 = {
						CreatedOnToolsVersion = 10.1;
						TestTargetID = 6D679FA421E7AFF7000FF6A9;
					};
					6D679FC321E7AFFA000FF6A9 = {
						CreatedOnToolsVersion = 10.1;
						TestTargetID = 6D679FA421E7AFF7000FF6A9;
					};
				};
			};
			buildConfigurationList = 6D679FA021E7AFF7000FF6A9 /* Build configuration list for PBXProject "Conversor" */;
			compatibilityVersion = "Xcode 9.3";
			developmentRegion = en;
			hasScannedForEncodings = 0;
			knownRegions = (
				en,
				Base,
			);
			mainGroup = 6D679F9C21E7AFF7000FF6A9;
			productRefGroup = 6D679FA621E7AFF7000FF6A9 /* Products */;
			projectDirPath = "";
			projectRoot = "";
			targets = (
				6D679FA421E7AFF7000FF6A9 /* Conversor */,
				6D679FB821E7AFFA000FF6A9 /* ConversorTests */,
				6D679FC321E7AFFA000FF6A9 /* ConversorUITests */,
			);
		};
/* End PBXProject section */

/* Begin PBXResourcesBuildPhase section */
		6D679FA321E7AFF7000FF6A9 /* Resources */ = {
			isa = PBXResourcesBuildPhase;
			buildActionMask = 2147483647;
			files = (
				6D679FB321E7AFFA000FF6A9 /* LaunchScreen.storyboard in Resources */,
				6D679FB021E7AFFA000FF6A9 /* Assets.xcassets in Resources */,
				6D679FAE21E7AFF7000FF6A9 /* Main.storyboard in Resources */,
			);
			runOnlyForDeploymentPostprocessing = 0;
		};
		6D679FB721E7AFFA000FF6A9 /* Resources */ = {
			isa = PBXResourcesBuildPhase;
			buildActionMask = 2147483647;
			files = (
			);
			runOnlyForDeploymentPostprocessing = 0;
		};
		6D679FC221E7AFFA000FF6A9 /* Resources */ = {
			isa = PBXResourcesBuildPhase;
			buildActionMask = 2147483647;
			files = (
			);
			runOnlyForDeploymentPostprocessing = 0;
		};
/* End PBXResourcesBuildPhase section */

/* Begin PBXSourcesBuildPhase section */
		6D679FA121E7AFF7000FF6A9 /* Sources */ = {
			isa = PBXSourcesBuildPhase;
			buildActionMask = 2147483647;
			files = (
				6D679FAB21E7AFF7000FF6A9 /* ViewController.swift in Sources */,
				6D679FA921E7AFF7000FF6A9 /* AppDelegate.swift in Sources */,
			);
			runOnlyForDeploymentPostprocessing = 0;
		};
		6D679FB521E7AFFA000FF6A9 /* Sources */ = {
			isa = PBXSourcesBuildPhase;
			buildActionMask = 2147483647;
			files = (
				6D679FBE21E7AFFA000FF6A9 /* ConversorTests.swift in Sources */,
			);
			runOnlyForDeploymentPostprocessing = 0;
		};
		6D679FC021E7AFFA000FF6A9 /* Sources */ = {
			isa = PBXSourcesBuildPhase;
			buildActionMask = 2147483647;
			files = (
				6D679FC921E7AFFA000FF6A9 /* ConversorUITests.swift in Sources */,
			);
			runOnlyForDeploymentPostprocessing = 0;
		};
/* End PBXSourcesBuildPhase section */

/* Begin PBXTargetDependency section */
		6D679FBB21E7AFFA000FF6A9 /* PBXTargetDependency */ = {
			isa = PBXTargetDependency;
			target = 6D679FA421E7AFF7000FF6A9 /* Conversor */;
			targetProxy = 6D679FBA21E7AFFA000FF6A9 /* PBXContainerItemProxy */;
		};
		6D679FC621E7AFFA000FF6A9 /* PBXTargetDependency */ = {
			isa = PBXTargetDependency;
			target = 6D679FA421E7AFF7000FF6A9 /* Conversor */;
			targetProxy = 6D679FC521E7AFFA000FF6A9 /* PBXContainerItemProxy */;
		};
/* End PBXTargetDependency section */

/* Begin PBXVariantGroup section */
		6D679FAC21E7AFF7000FF6A9 /* Main.storyboard */ = {
			isa = PBXVariantGroup;
			children = (
				6D679FAD21E7AFF7000FF6A9 /* Base */,
			);
			name = Main.storyboard;
			sourceTree = "<group>";
		};
		6D679FB121E7AFFA000FF6A9 /* LaunchScreen.storyboard */ = {
			isa = PBXVariantGroup;
			children = (
				6D679FB221E7AFFA000FF6A9 /* Base */,
			);
			name = LaunchScreen.storyboard;
			sourceTree = "<group>";
		};
/* End PBXVariantGroup section */

/* Begin XCBuildConfiguration section */
		6D679FCB21E7AFFA000FF6A9 /* Debug */ = {
			isa = XCBuildConfiguration;
			buildSettings = {
				ALWAYS_SEARCH_USER_PATHS = NO;
				CLANG_ANALYZER_NONNULL = YES;
				CLANG_ANALYZER_NUMBER_OBJECT_CONVERSION = YES_AGGRESSIVE;
				CLANG_CXX_LANGUAGE_STANDARD = "gnu++14";
				CLANG_CXX_LIBRARY = "libc++";
				CLANG_ENABLE_MODULES = YES;
				CLANG_ENABLE_OBJC_ARC = YES;
				CLANG_ENABLE_OBJC_WEAK = YES;
				CLANG_WARN_BLOCK_CAPTURE_AUTORELEASING = YES;
				CLANG_WARN_BOOL_CONVERSION = YES;
				CLANG_WARN_COMMA = YES;
				CLANG_WARN_CONSTANT_CONVERSION = YES;
				CLANG_WARN_DEPRECATED_OBJC_IMPLEMENTATIONS = YES;
				CLANG_WARN_DIRECT_OBJC_ISA_USAGE = YES_ERROR;
				CLANG_WARN_DOCUMENTATION_COMMENTS = YES;
				CLANG_WARN_EMPTY_BODY = YES;
				CLANG_WARN_ENUM_CONVERSION = YES;
				CLANG_WARN_INFINITE_RECURSION = YES;
				CLANG_WARN_INT_CONVERSION = YES;
				CLANG_WARN_NON_LITERAL_NULL_CONVERSION = YES;
				CLANG_WARN_OBJC_IMPLICIT_RETAIN_SELF = YES;
				CLANG_WARN_OBJC_LITERAL_CONVERSION = YES;
				CLANG_WARN_OBJC_ROOT_CLASS = YES_ERROR;
				CLANG_WARN_RANGE_LOOP_ANALYSIS = YES;
				CLANG_WARN_STRICT_PROTOTYPES = YES;
				CLANG_WARN_SUSPICIOUS_MOVE = YES;
				CLANG_WARN_UNGUARDED_AVAILABILITY = YES_AGGRESSIVE;
				CLANG_WARN_UNREACHABLE_CODE = YES;
				CLANG_WARN__DUPLICATE_METHOD_MATCH = YES;
				CODE_SIGN_IDENTITY = "iPhone Developer";
				COPY_PHASE_STRIP = NO;
				DEBUG_INFORMATION_FORMAT = dwarf;
				ENABLE_STRICT_OBJC_MSGSEND = YES;
				ENABLE_TESTABILITY = YES;
				GCC_C_LANGUAGE_STANDARD = gnu11;
				GCC_DYNAMIC_NO_PIC = NO;
				GCC_NO_COMMON_BLOCKS = YES;
				GCC_OPTIMIZATION_LEVEL = 0;
				GCC_PREPROCESSOR_DEFINITIONS = (
					"DEBUG=1",
					"$(inherited)",
				);
				GCC_WARN_64_TO_32_BIT_CONVERSION = YES;
				GCC_WARN_ABOUT_RETURN_TYPE = YES_ERROR;
				GCC_WARN_UNDECLARED_SELECTOR = YES;
				GCC_WARN_UNINITIALIZED_AUTOS = YES_AGGRESSIVE;
				GCC_WARN_UNUSED_FUNCTION = YES;
				GCC_WARN_UNUSED_VARIABLE = YES;
				IPHONEOS_DEPLOYMENT_TARGET = 12.1;
				MTL_ENABLE_DEBUG_INFO = INCLUDE_SOURCE;
				MTL_FAST_MATH = YES;
				ONLY_ACTIVE_ARCH = YES;
				SDKROOT = iphoneos;
				SWIFT_ACTIVE_COMPILATION_CONDITIONS = DEBUG;
				SWIFT_OPTIMIZATION_LEVEL = "-Onone";
			};
			name = Debug;
		};
		6D679FCC21E7AFFA000FF6A9 /* Release */ = {
			isa = XCBuildConfiguration;
			buildSettings = {
				ALWAYS_SEARCH_USER_PATHS = NO;
				CLANG_ANALYZER_NONNULL = YES;
				CLANG_ANALYZER_NUMBER_OBJECT_CONVERSION = YES_AGGRESSIVE;
				CLANG_CXX_LANGUAGE_STANDARD = "gnu++14";
				CLANG_CXX_LIBRARY = "libc++";
				CLANG_ENABLE_MODULES = YES;
				CLANG_ENABLE_OBJC_ARC = YES;
				CLANG_ENABLE_OBJC_WEAK = YES;
				CLANG_WARN_BLOCK_CAPTURE_AUTORELEASING = YES;
				CLANG_WARN_BOOL_CONVERSION = YES;
				CLANG_WARN_COMMA = YES;
				CLANG_WARN_CONSTANT_CONVERSION = YES;
				CLANG_WARN_DEPRECATED_OBJC_IMPLEMENTATIONS = YES;
				CLANG_WARN_DIRECT_OBJC_ISA_USAGE = YES_ERROR;
				CLANG_WARN_DOCUMENTATION_COMMENTS = YES;
				CLANG_WARN_EMPTY_BODY = YES;
				CLANG_WARN_ENUM_CONVERSION = YES;
				CLANG_WARN_INFINITE_RECURSION = YES;
				CLANG_WARN_INT_CONVERSION = YES;
				CLANG_WARN_NON_LITERAL_NULL_CONVERSION = YES;
				CLANG_WARN_OBJC_IMPLICIT_RETAIN_SELF = YES;
				CLANG_WARN_OBJC_LITERAL_CONVERSION = YES;
				CLANG_WARN_OBJC_ROOT_CLASS = YES_ERROR;
				CLANG_WARN_RANGE_LOOP_ANALYSIS = YES;
				CLANG_WARN_STRICT_PROTOTYPES = YES;
				CLANG_WARN_SUSPICIOUS_MOVE = YES;
				CLANG_WARN_UNGUARDED_AVAILABILITY = YES_AGGRESSIVE;
				CLANG_WARN_UNREACHABLE_CODE = YES;
				CLANG_WARN__DUPLICATE_METHOD_MATCH = YES;
				CODE_SIGN_IDENTITY = "iPhone Developer";
				COPY_PHASE_STRIP = NO;
				DEBUG_INFORMATION_FORMAT = "dwarf-with-dsym";
				ENABLE_NS_ASSERTIONS = NO;
				ENABLE_STRICT_OBJC_MSGSEND = YES;
				GCC_C_LANGUAGE_STANDARD = gnu11;
				GCC_NO_COMMON_BLOCKS = YES;
				GCC_WARN_64_TO_32_BIT_CONVERSION = YES;
				GCC_WARN_ABOUT_RETURN_TYPE = YES_ERROR;
				GCC_WARN_UNDECLARED_SELECTOR = YES;
				GCC_WARN_UNINITIALIZED_AUTOS = YES_AGGRESSIVE;
				GCC_WARN_UNUSED_FUNCTION = YES;
				GCC_WARN_UNUSED_VARIABLE = YES;
				IPHONEOS_DEPLOYMENT_TARGET = 12.1;
				MTL_ENABLE_DEBUG_INFO = NO;
				MTL_FAST_MATH = YES;
				SDKROOT = iphoneos;
				SWIFT_COMPILATION_MODE = wholemodule;
				SWIFT_OPTIMIZATION_LEVEL = "-O";
				VALIDATE_PRODUCT = YES;
			};
			name = Release;
		};
		6D679FCE21E7AFFA000FF6A9 /* Debug */ = {
			isa = XCBuildConfiguration;
			buildSettings = {
				ASSETCATALOG_COMPILER_APPICON_NAME = AppIcon;
				CODE_SIGN_STYLE = Automatic;
				INFOPLIST_FILE = Conversor/Info.plist;
				LD_RUNPATH_SEARCH_PATHS = (
					"$(inherited)",
					"@executable_path/Frameworks",
				);
				PRODUCT_BUNDLE_IDENTIFIER = ciclic.com.Conversor;
				PRODUCT_NAME = "$(TARGET_NAME)";
				SWIFT_VERSION = 4.2;
				TARGETED_DEVICE_FAMILY = "1,2";
			};
			name = Debug;
		};
		6D679FCF21E7AFFA000FF6A9 /* Release */ = {
			isa = XCBuildConfiguration;
			buildSettings = {
				ASSETCATALOG_COMPILER_APPICON_NAME = AppIcon;
				CODE_SIGN_STYLE = Automatic;
				INFOPLIST_FILE = Conversor/Info.plist;
				LD_RUNPATH_SEARCH_PATHS = (
					"$(inherited)",
					"@executable_path/Frameworks",
				);
				PRODUCT_BUNDLE_IDENTIFIER = ciclic.com.Conversor;
				PRODUCT_NAME = "$(TARGET_NAME)";
				SWIFT_VERSION = 4.2;
				TARGETED_DEVICE_FAMILY = "1,2";
			};
			name = Release;
		};
		6D679FD121E7AFFA000FF6A9 /* Debug */ = {
			isa = XCBuildConfiguration;
			buildSettings = {
				ALWAYS_EMBED_SWIFT_STANDARD_LIBRARIES = YES;
				BUNDLE_LOADER = "$(TEST_HOST)";
				CODE_SIGN_STYLE = Automatic;
				INFOPLIST_FILE = ConversorTests/Info.plist;
				LD_RUNPATH_SEARCH_PATHS = (
					"$(inherited)",
					"@executable_path/Frameworks",
					"@loader_path/Frameworks",
				);
				PRODUCT_BUNDLE_IDENTIFIER = ciclic.com.ConversorTests;
				PRODUCT_NAME = "$(TARGET_NAME)";
				SWIFT_VERSION = 4.2;
				TARGETED_DEVICE_FAMILY = "1,2";
				TEST_HOST = "$(BUILT_PRODUCTS_DIR)/Conversor.app/Conversor";
			};
			name = Debug;
		};
		6D679FD221E7AFFA000FF6A9 /* Release */ = {
			isa = XCBuildConfiguration;
			buildSettings = {
				ALWAYS_EMBED_SWIFT_STANDARD_LIBRARIES = YES;
				BUNDLE_LOADER = "$(TEST_HOST)";
				CODE_SIGN_STYLE = Automatic;
				INFOPLIST_FILE = ConversorTests/Info.plist;
				LD_RUNPATH_SEARCH_PATHS = (
					"$(inherited)",
					"@executable_path/Frameworks",
					"@loader_path/Frameworks",
				);
				PRODUCT_BUNDLE_IDENTIFIER = ciclic.com.ConversorTests;
				PRODUCT_NAME = "$(TARGET_NAME)";
				SWIFT_VERSION = 4.2;
				TARGETED_DEVICE_FAMILY = "1,2";
				TEST_HOST = "$(BUILT_PRODUCTS_DIR)/Conversor.app/Conversor";
			};
			name = Release;
		};
		6D679FD421E7AFFA000FF6A9 /* Debug */ = {
			isa = XCBuildConfiguration;
			buildSettings = {
				ALWAYS_EMBED_SWIFT_STANDARD_LIBRARIES = YES;
				CODE_SIGN_STYLE = Automatic;
				INFOPLIST_FILE = ConversorUITests/Info.plist;
				LD_RUNPATH_SEARCH_PATHS = (
					"$(inherited)",
					"@executable_path/Frameworks",
					"@loader_path/Frameworks",
				);
				PRODUCT_BUNDLE_IDENTIFIER = ciclic.com.ConversorUITests;
				PRODUCT_NAME = "$(TARGET_NAME)";
				SWIFT_VERSION = 4.2;
				TARGETED_DEVICE_FAMILY = "1,2";
				TEST_TARGET_NAME = Conversor;
			};
			name = Debug;
		};
		6D679FD521E7AFFA000FF6A9 /* Release */ = {
			isa = XCBuildConfiguration;
			buildSettings = {
				ALWAYS_EMBED_SWIFT_STANDARD_LIBRARIES = YES;
				CODE_SIGN_STYLE = Automatic;
				INFOPLIST_FILE = ConversorUITests/Info.plist;
				LD_RUNPATH_SEARCH_PATHS = (
					"$(inherited)",
					"@executable_path/Frameworks",
					"@loader_path/Frameworks",
				);
				PRODUCT_BUNDLE_IDENTIFIER = ciclic.com.ConversorUITests;
				PRODUCT_NAME = "$(TARGET_NAME)";
				SWIFT_VERSION = 4.2;
				TARGETED_DEVICE_FAMILY = "1,2";
				TEST_TARGET_NAME = Conversor;
			};
			name = Release;
		};
/* End XCBuildConfiguration section */

/* Begin XCConfigurationList section */
		6D679FA021E7AFF7000FF6A9 /* Build configuration list for PBXProject "Conversor" */ = {
			isa = XCConfigurationList;
			buildConfigurations = (
				6D679FCB21E7AFFA000FF6A9 /* Debug */,
				6D679FCC21E7AFFA000FF6A9 /* Release */,
			);
			defaultConfigurationIsVisible = 0;
			defaultConfigurationName = Release;
		};
		6D679FCD21E7AFFA000FF6A9 /* Build configuration list for PBXNativeTarget "Conversor" */ = {
			isa = XCConfigurationList;
			buildConfigurations = (
				6D679FCE21E7AFFA000FF6A9 /* Debug */,
				6D679FCF21E7AFFA000FF6A9 /* Release */,
			);
			defaultConfigurationIsVisible = 0;
			defaultConfigurationName = Release;
		};
		6D679FD021E7AFFA000FF6A9 /* Build configuration list for PBXNativeTarget "ConversorTests" */ = {
			isa = XCConfigurationList;
			buildConfigurations = (
				6D679FD121E7AFFA000FF6A9 /* Debug */,
				6D679FD221E7AFFA000FF6A9 /* Release */,
			);
			defaultConfigurationIsVisible = 0;
			defaultConfigurationName = Release;
		};
		6D679FD321E7AFFA000FF6A9 /* Build configuration list for PBXNativeTarget "ConversorUITests" */ = {
			isa = XCConfigurationList;
			buildConfigurations = (
				6D679FD421E7AFFA000FF6A9 /* Debug */,
				6D679FD521E7AFFA000FF6A9 /* Release */,
			);
			defaultConfigurationIsVisible = 0;
			defaultConfigurationName = Release;
		};
/* End XCConfigurationList section */
	};
	rootObject = 6D679F9D21E7AFF7000FF6A9 /* Project object */;
}
